// !$*UTF8*$!
{
	archiveVersion = 1;
	classes = {
	};
	objectVersion = 56;
	objects = {

/* Begin PBXBuildFile section */
		901A06231C5BF8FE22308821 /* Pods_2homework4m.framework in Frameworks */ = {isa = PBXBuildFile; fileRef = 33338C45580644C45438DCFC /* Pods_2homework4m.framework */; };
		9A2BFAF329EC25D900E3DDAC /* AppDelegate.swift in Sources */ = {isa = PBXBuildFile; fileRef = 9A2BFAF229EC25D900E3DDAC /* AppDelegate.swift */; };
		9A2BFAF529EC25D900E3DDAC /* SceneDelegate.swift in Sources */ = {isa = PBXBuildFile; fileRef = 9A2BFAF429EC25D900E3DDAC /* SceneDelegate.swift */; };
		9A2BFAFC29EC25DA00E3DDAC /* Assets.xcassets in Resources */ = {isa = PBXBuildFile; fileRef = 9A2BFAFB29EC25DA00E3DDAC /* Assets.xcassets */; };
		9A2BFAFF29EC25DA00E3DDAC /* LaunchScreen.storyboard in Resources */ = {isa = PBXBuildFile; fileRef = 9A2BFAFD29EC25DA00E3DDAC /* LaunchScreen.storyboard */; };
		9A2BFB0B29EC266F00E3DDAC /* LoginModel.swift in Sources */ = {isa = PBXBuildFile; fileRef = 9A2BFB0A29EC266F00E3DDAC /* LoginModel.swift */; };
		9A2BFB0D29EC268300E3DDAC /* LoginController.swift in Sources */ = {isa = PBXBuildFile; fileRef = 9A2BFB0C29EC268300E3DDAC /* LoginController.swift */; };
		9A2BFB0F29EC268E00E3DDAC /* LoginView.swift in Sources */ = {isa = PBXBuildFile; fileRef = 9A2BFB0E29EC268E00E3DDAC /* LoginView.swift */; };
		9A2BFB1129EC269E00E3DDAC /* UsersManager.swift in Sources */ = {isa = PBXBuildFile; fileRef = 9A2BFB1029EC269E00E3DDAC /* UsersManager.swift */; };
/* End PBXBuildFile section */

/* Begin PBXFileReference section */
		33338C45580644C45438DCFC /* Pods_2homework4m.framework */ = {isa = PBXFileReference; explicitFileType = wrapper.framework; includeInIndex = 0; path = Pods_2homework4m.framework; sourceTree = BUILT_PRODUCTS_DIR; };
		72CA1D84FE1B299CBDF8C00F /* Pods-2homework4m.release.xcconfig */ = {isa = PBXFileReference; includeInIndex = 1; lastKnownFileType = text.xcconfig; name = "Pods-2homework4m.release.xcconfig"; path = "Target Support Files/Pods-2homework4m/Pods-2homework4m.release.xcconfig"; sourceTree = "<group>"; };
		8DD3775389F4701EB030B62C /* Pods-2homework4m.debug.xcconfig */ = {isa = PBXFileReference; includeInIndex = 1; lastKnownFileType = text.xcconfig; name = "Pods-2homework4m.debug.xcconfig"; path = "Target Support Files/Pods-2homework4m/Pods-2homework4m.debug.xcconfig"; sourceTree = "<group>"; };
		9A2BFAEF29EC25D900E3DDAC /* 2homework4m.app */ = {isa = PBXFileReference; explicitFileType = wrapper.application; includeInIndex = 0; path = 2homework4m.app; sourceTree = BUILT_PRODUCTS_DIR; };
		9A2BFAF229EC25D900E3DDAC /* AppDelegate.swift */ = {isa = PBXFileReference; lastKnownFileType = sourcecode.swift; path = AppDelegate.swift; sourceTree = "<group>"; };
		9A2BFAF429EC25D900E3DDAC /* SceneDelegate.swift */ = {isa = PBXFileReference; lastKnownFileType = sourcecode.swift; path = SceneDelegate.swift; sourceTree = "<group>"; };
		9A2BFAFB29EC25DA00E3DDAC /* Assets.xcassets */ = {isa = PBXFileReference; lastKnownFileType = folder.assetcatalog; path = Assets.xcassets; sourceTree = "<group>"; };
		9A2BFAFE29EC25DA00E3DDAC /* Base */ = {isa = PBXFileReference; lastKnownFileType = file.storyboard; name = Base; path = Base.lproj/LaunchScreen.storyboard; sourceTree = "<group>"; };
		9A2BFB0029EC25DA00E3DDAC /* Info.plist */ = {isa = PBXFileReference; lastKnownFileType = text.plist.xml; path = Info.plist; sourceTree = "<group>"; };
		9A2BFB0A29EC266F00E3DDAC /* LoginModel.swift */ = {isa = PBXFileReference; lastKnownFileType = sourcecode.swift; path = LoginModel.swift; sourceTree = "<group>"; };
		9A2BFB0C29EC268300E3DDAC /* LoginController.swift */ = {isa = PBXFileReference; lastKnownFileType = sourcecode.swift; path = LoginController.swift; sourceTree = "<group>"; };
		9A2BFB0E29EC268E00E3DDAC /* LoginView.swift */ = {isa = PBXFileReference; lastKnownFileType = sourcecode.swift; path = LoginView.swift; sourceTree = "<group>"; };
		9A2BFB1029EC269E00E3DDAC /* UsersManager.swift */ = {isa = PBXFileReference; lastKnownFileType = sourcecode.swift; path = UsersManager.swift; sourceTree = "<group>"; };
/* End PBXFileReference section */

/* Begin PBXFrameworksBuildPhase section */
		9A2BFAEC29EC25D900E3DDAC /* Frameworks */ = {
			isa = PBXFrameworksBuildPhase;
			buildActionMask = 2147483647;
			files = (
				901A06231C5BF8FE22308821 /* Pods_2homework4m.framework in Frameworks */,
			);
			runOnlyForDeploymentPostprocessing = 0;
		};
/* End PBXFrameworksBuildPhase section */

/* Begin PBXGroup section */
		003FFCB68C64628D57086B0F /* Pods */ = {
			isa = PBXGroup;
			children = (
				8DD3775389F4701EB030B62C /* Pods-2homework4m.debug.xcconfig */,
				72CA1D84FE1B299CBDF8C00F /* Pods-2homework4m.release.xcconfig */,
			);
			name = Pods;
			path = Pods;
			sourceTree = "<group>";
		};
		47FD60CA9FB736001EB31AFC /* Frameworks */ = {
			isa = PBXGroup;
			children = (
				33338C45580644C45438DCFC /* Pods_2homework4m.framework */,
			);
			name = Frameworks;
			sourceTree = "<group>";
		};
		9A2BFAE629EC25D900E3DDAC = {
			isa = PBXGroup;
			children = (
				9A2BFAF129EC25D900E3DDAC /* 2homework4m */,
				9A2BFAF029EC25D900E3DDAC /* Products */,
				003FFCB68C64628D57086B0F /* Pods */,
				47FD60CA9FB736001EB31AFC /* Frameworks */,
			);
			sourceTree = "<group>";
		};
		9A2BFAF029EC25D900E3DDAC /* Products */ = {
			isa = PBXGroup;
			children = (
				9A2BFAEF29EC25D900E3DDAC /* 2homework4m.app */,
			);
			name = Products;
			sourceTree = "<group>";
		};
		9A2BFAF129EC25D900E3DDAC /* 2homework4m */ = {
			isa = PBXGroup;
			children = (
				9A2BFB0629EC263C00E3DDAC /* Login */,
				9A2BFAF229EC25D900E3DDAC /* AppDelegate.swift */,
				9A2BFAF429EC25D900E3DDAC /* SceneDelegate.swift */,
				9A2BFAFB29EC25DA00E3DDAC /* Assets.xcassets */,
				9A2BFAFD29EC25DA00E3DDAC /* LaunchScreen.storyboard */,
				9A2BFB0029EC25DA00E3DDAC /* Info.plist */,
			);
			path = 2homework4m;
			sourceTree = "<group>";
		};
		9A2BFB0629EC263C00E3DDAC /* Login */ = {
			isa = PBXGroup;
			children = (
				9A2BFB0929EC265A00E3DDAC /* Model */,
				9A2BFB0829EC264D00E3DDAC /* View */,
				9A2BFB0729EC264300E3DDAC /* Controller */,
				9A2BFB1029EC269E00E3DDAC /* UsersManager.swift */,
			);
			path = Login;
			sourceTree = "<group>";
		};
		9A2BFB0729EC264300E3DDAC /* Controller */ = {
			isa = PBXGroup;
			children = (
				9A2BFB0C29EC268300E3DDAC /* LoginController.swift */,
			);
			path = Controller;
			sourceTree = "<group>";
		};
		9A2BFB0829EC264D00E3DDAC /* View */ = {
			isa = PBXGroup;
			children = (
				9A2BFB0E29EC268E00E3DDAC /* LoginView.swift */,
			);
			path = View;
			sourceTree = "<group>";
		};
		9A2BFB0929EC265A00E3DDAC /* Model */ = {
			isa = PBXGroup;
			children = (
				9A2BFB0A29EC266F00E3DDAC /* LoginModel.swift */,
			);
			path = Model;
			sourceTree = "<group>";
		};
/* End PBXGroup section */

/* Begin PBXNativeTarget section */
		9A2BFAEE29EC25D900E3DDAC /* 2homework4m */ = {
			isa = PBXNativeTarget;
			buildConfigurationList = 9A2BFB0329EC25DA00E3DDAC /* Build configuration list for PBXNativeTarget "2homework4m" */;
			buildPhases = (
				CB3C0FD311E3D4489D2322FC /* [CP] Check Pods Manifest.lock */,
				9A2BFAEB29EC25D900E3DDAC /* Sources */,
				9A2BFAEC29EC25D900E3DDAC /* Frameworks */,
				9A2BFAED29EC25D900E3DDAC /* Resources */,
				50FC79ADD65B0AD34ED6AD38 /* [CP] Embed Pods Frameworks */,
			);
			buildRules = (
			);
			dependencies = (
			);
			name = 2homework4m;
			productName = 2homework4m;
			productReference = 9A2BFAEF29EC25D900E3DDAC /* 2homework4m.app */;
			productType = "com.apple.product-type.application";
		};
/* End PBXNativeTarget section */

/* Begin PBXProject section */
		9A2BFAE729EC25D900E3DDAC /* Project object */ = {
			isa = PBXProject;
			attributes = {
				BuildIndependentTargetsInParallel = 1;
				LastSwiftUpdateCheck = 1420;
				LastUpgradeCheck = 1420;
				TargetAttributes = {
					9A2BFAEE29EC25D900E3DDAC = {
						CreatedOnToolsVersion = 14.2;
					};
				};
			};
			buildConfigurationList = 9A2BFAEA29EC25D900E3DDAC /* Build configuration list for PBXProject "2homework4m" */;
			compatibilityVersion = "Xcode 14.0";
			developmentRegion = en;
			hasScannedForEncodings = 0;
			knownRegions = (
				en,
				Base,
			);
			mainGroup = 9A2BFAE629EC25D900E3DDAC;
			productRefGroup = 9A2BFAF029EC25D900E3DDAC /* Products */;
			projectDirPath = "";
			projectRoot = "";
			targets = (
				9A2BFAEE29EC25D900E3DDAC /* 2homework4m */,
			);
		};
/* End PBXProject section */

/* Begin PBXResourcesBuildPhase section */
		9A2BFAED29EC25D900E3DDAC /* Resources */ = {
			isa = PBXResourcesBuildPhase;
			buildActionMask = 2147483647;
			files = (
				9A2BFAFF29EC25DA00E3DDAC /* LaunchScreen.storyboard in Resources */,
				9A2BFAFC29EC25DA00E3DDAC /* Assets.xcassets in Resources */,
			);
			runOnlyForDeploymentPostprocessing = 0;
		};
/* End PBXResourcesBuildPhase section */

/* Begin PBXShellScriptBuildPhase section */
		50FC79ADD65B0AD34ED6AD38 /* [CP] Embed Pods Frameworks */ = {
			isa = PBXShellScriptBuildPhase;
			buildActionMask = 2147483647;
			files = (
			);
			inputFileListPaths = (
				"${PODS_ROOT}/Target Support Files/Pods-2homework4m/Pods-2homework4m-frameworks-${CONFIGURATION}-input-files.xcfilelist",
			);
			name = "[CP] Embed Pods Frameworks";
			outputFileListPaths = (
				"${PODS_ROOT}/Target Support Files/Pods-2homework4m/Pods-2homework4m-frameworks-${CONFIGURATION}-output-files.xcfilelist",
			);
			runOnlyForDeploymentPostprocessing = 0;
			shellPath = /bin/sh;
			shellScript = "\"${PODS_ROOT}/Target Support Files/Pods-2homework4m/Pods-2homework4m-frameworks.sh\"\n";
			showEnvVarsInLog = 0;
		};
		CB3C0FD311E3D4489D2322FC /* [CP] Check Pods Manifest.lock */ = {
			isa = PBXShellScriptBuildPhase;
			buildActionMask = 2147483647;
			files = (
			);
			inputFileListPaths = (
			);
			inputPaths = (
				"${PODS_PODFILE_DIR_PATH}/Podfile.lock",
				"${PODS_ROOT}/Manifest.lock",
			);
			name = "[CP] Check Pods Manifest.lock";
			outputFileListPaths = (
			);
			outputPaths = (
				"$(DERIVED_FILE_DIR)/Pods-2homework4m-checkManifestLockResult.txt",
			);
			runOnlyForDeploymentPostprocessing = 0;
			shellPath = /bin/sh;
			shellScript = "diff \"${PODS_PODFILE_DIR_PATH}/Podfile.lock\" \"${PODS_ROOT}/Manifest.lock\" > /dev/null\nif [ $? != 0 ] ; then\n    # print error to STDERR\n    echo \"error: The sandbox is not in sync with the Podfile.lock. Run 'pod install' or update your CocoaPods installation.\" >&2\n    exit 1\nfi\n# This output is used by Xcode 'outputs' to avoid re-running this script phase.\necho \"SUCCESS\" > \"${SCRIPT_OUTPUT_FILE_0}\"\n";
			showEnvVarsInLog = 0;
		};
/* End PBXShellScriptBuildPhase section */

/* Begin PBXSourcesBuildPhase section */
		9A2BFAEB29EC25D900E3DDAC /* Sources */ = {
			isa = PBXSourcesBuildPhase;
			buildActionMask = 2147483647;
			files = (
				9A2BFB1129EC269E00E3DDAC /* UsersManager.swift in Sources */,
				9A2BFAF329EC25D900E3DDAC /* AppDelegate.swift in Sources */,
				9A2BFB0D29EC268300E3DDAC /* LoginController.swift in Sources */,
				9A2BFB0B29EC266F00E3DDAC /* LoginModel.swift in Sources */,
				9A2BFB0F29EC268E00E3DDAC /* LoginView.swift in Sources */,
				9A2BFAF529EC25D900E3DDAC /* SceneDelegate.swift in Sources */,
			);
			runOnlyForDeploymentPostprocessing = 0;
		};
/* End PBXSourcesBuildPhase section */

/* Begin PBXVariantGroup section */
		9A2BFAFD29EC25DA00E3DDAC /* LaunchScreen.storyboard */ = {
			isa = PBXVariantGroup;
			children = (
				9A2BFAFE29EC25DA00E3DDAC /* Base */,
			);
			name = LaunchScreen.storyboard;
			sourceTree = "<group>";
		};
/* End PBXVariantGroup section */

/* Begin XCBuildConfiguration section */
		9A2BFB0129EC25DA00E3DDAC /* Debug */ = {
			isa = XCBuildConfiguration;
			buildSettings = {
				ALWAYS_SEARCH_USER_PATHS = NO;
				CLANG_ANALYZER_NONNULL = YES;
				CLANG_ANALYZER_NUMBER_OBJECT_CONVERSION = YES_AGGRESSIVE;
				CLANG_CXX_LANGUAGE_STANDARD = "gnu++20";
				CLANG_ENABLE_MODULES = YES;
				CLANG_ENABLE_OBJC_ARC = YES;
				CLANG_ENABLE_OBJC_WEAK = YES;
				CLANG_WARN_BLOCK_CAPTURE_AUTORELEASING = YES;
				CLANG_WARN_BOOL_CONVERSION = YES;
				CLANG_WARN_COMMA = YES;
				CLANG_WARN_CONSTANT_CONVERSION = YES;
				CLANG_WARN_DEPRECATED_OBJC_IMPLEMENTATIONS = YES;
				CLANG_WARN_DIRECT_OBJC_ISA_USAGE = YES_ERROR;
				CLANG_WARN_DOCUMENTATION_COMMENTS = YES;
				CLANG_WARN_EMPTY_BODY = YES;
				CLANG_WARN_ENUM_CONVERSION = YES;
				CLANG_WARN_INFINITE_RECURSION = YES;
				CLANG_WARN_INT_CONVERSION = YES;
				CLANG_WARN_NON_LITERAL_NULL_CONVERSION = YES;
				CLANG_WARN_OBJC_IMPLICIT_RETAIN_SELF = YES;
				CLANG_WARN_OBJC_LITERAL_CONVERSION = YES;
				CLANG_WARN_OBJC_ROOT_CLASS = YES_ERROR;
				CLANG_WARN_QUOTED_INCLUDE_IN_FRAMEWORK_HEADER = YES;
				CLANG_WARN_RANGE_LOOP_ANALYSIS = YES;
				CLANG_WARN_STRICT_PROTOTYPES = YES;
				CLANG_WARN_SUSPICIOUS_MOVE = YES;
				CLANG_WARN_UNGUARDED_AVAILABILITY = YES_AGGRESSIVE;
				CLANG_WARN_UNREACHABLE_CODE = YES;
				CLANG_WARN__DUPLICATE_METHOD_MATCH = YES;
				COPY_PHASE_STRIP = NO;
				DEBUG_INFORMATION_FORMAT = dwarf;
				ENABLE_STRICT_OBJC_MSGSEND = YES;
				ENABLE_TESTABILITY = YES;
				GCC_C_LANGUAGE_STANDARD = gnu11;
				GCC_DYNAMIC_NO_PIC = NO;
				GCC_NO_COMMON_BLOCKS = YES;
				GCC_OPTIMIZATION_LEVEL = 0;
				GCC_PREPROCESSOR_DEFINITIONS = (
					"DEBUG=1",
					"$(inherited)",
				);
				GCC_WARN_64_TO_32_BIT_CONVERSION = YES;
				GCC_WARN_ABOUT_RETURN_TYPE = YES_ERROR;
				GCC_WARN_UNDECLARED_SELECTOR = YES;
				GCC_WARN_UNINITIALIZED_AUTOS = YES_AGGRESSIVE;
				GCC_WARN_UNUSED_FUNCTION = YES;
				GCC_WARN_UNUSED_VARIABLE = YES;
				IPHONEOS_DEPLOYMENT_TARGET = 16.2;
				MTL_ENABLE_DEBUG_INFO = INCLUDE_SOURCE;
				MTL_FAST_MATH = YES;
				ONLY_ACTIVE_ARCH = YES;
				SDKROOT = iphoneos;
				SWIFT_ACTIVE_COMPILATION_CONDITIONS = DEBUG;
				SWIFT_OPTIMIZATION_LEVEL = "-Onone";
			};
			name = Debug;
		};
		9A2BFB0229EC25DA00E3DDAC /* Release */ = {
			isa = XCBuildConfiguration;
			buildSettings = {
				ALWAYS_SEARCH_USER_PATHS = NO;
				CLANG_ANALYZER_NONNULL = YES;
				CLANG_ANALYZER_NUMBER_OBJECT_CONVERSION = YES_AGGRESSIVE;
				CLANG_CXX_LANGUAGE_STANDARD = "gnu++20";
				CLANG_ENABLE_MODULES = YES;
				CLANG_ENABLE_OBJC_ARC = YES;
				CLANG_ENABLE_OBJC_WEAK = YES;
				CLANG_WARN_BLOCK_CAPTURE_AUTORELEASING = YES;
				CLANG_WARN_BOOL_CONVERSION = YES;
				CLANG_WARN_COMMA = YES;
				CLANG_WARN_CONSTANT_CONVERSION = YES;
				CLANG_WARN_DEPRECATED_OBJC_IMPLEMENTATIONS = YES;
				CLANG_WARN_DIRECT_OBJC_ISA_USAGE = YES_ERROR;
				CLANG_WARN_DOCUMENTATION_COMMENTS = YES;
				CLANG_WARN_EMPTY_BODY = YES;
				CLANG_WARN_ENUM_CONVERSION = YES;
				CLANG_WARN_INFINITE_RECURSION = YES;
				CLANG_WARN_INT_CONVERSION = YES;
				CLANG_WARN_NON_LITERAL_NULL_CONVERSION = YES;
				CLANG_WARN_OBJC_IMPLICIT_RETAIN_SELF = YES;
				CLANG_WARN_OBJC_LITERAL_CONVERSION = YES;
				CLANG_WARN_OBJC_ROOT_CLASS = YES_ERROR;
				CLANG_WARN_QUOTED_INCLUDE_IN_FRAMEWORK_HEADER = YES;
				CLANG_WARN_RANGE_LOOP_ANALYSIS = YES;
				CLANG_WARN_STRICT_PROTOTYPES = YES;
				CLANG_WARN_SUSPICIOUS_MOVE = YES;
				CLANG_WARN_UNGUARDED_AVAILABILITY = YES_AGGRESSIVE;
				CLANG_WARN_UNREACHABLE_CODE = YES;
				CLANG_WARN__DUPLICATE_METHOD_MATCH = YES;
				COPY_PHASE_STRIP = NO;
				DEBUG_INFORMATION_FORMAT = "dwarf-with-dsym";
				ENABLE_NS_ASSERTIONS = NO;
				ENABLE_STRICT_OBJC_MSGSEND = YES;
				GCC_C_LANGUAGE_STANDARD = gnu11;
				GCC_NO_COMMON_BLOCKS = YES;
				GCC_WARN_64_TO_32_BIT_CONVERSION = YES;
				GCC_WARN_ABOUT_RETURN_TYPE = YES_ERROR;
				GCC_WARN_UNDECLARED_SELECTOR = YES;
				GCC_WARN_UNINITIALIZED_AUTOS = YES_AGGRESSIVE;
				GCC_WARN_UNUSED_FUNCTION = YES;
				GCC_WARN_UNUSED_VARIABLE = YES;
				IPHONEOS_DEPLOYMENT_TARGET = 16.2;
				MTL_ENABLE_DEBUG_INFO = NO;
				MTL_FAST_MATH = YES;
				SDKROOT = iphoneos;
				SWIFT_COMPILATION_MODE = wholemodule;
				SWIFT_OPTIMIZATION_LEVEL = "-O";
				VALIDATE_PRODUCT = YES;
			};
			name = Release;
		};
		9A2BFB0429EC25DA00E3DDAC /* Debug */ = {
			isa = XCBuildConfiguration;
			baseConfigurationReference = 8DD3775389F4701EB030B62C /* Pods-2homework4m.debug.xcconfig */;
			buildSettings = {
				ASSETCATALOG_COMPILER_APPICON_NAME = AppIcon;
				ASSETCATALOG_COMPILER_GLOBAL_ACCENT_COLOR_NAME = AccentColor;
				CODE_SIGN_STYLE = Automatic;
				CURRENT_PROJECT_VERSION = 1;
				DEVELOPMENT_TEAM = S24JM78SDV;
				GENERATE_INFOPLIST_FILE = YES;
				INFOPLIST_FILE = 2homework4m/Info.plist;
				INFOPLIST_KEY_UIApplicationSupportsIndirectInputEvents = YES;
				INFOPLIST_KEY_UILaunchStoryboardName = LaunchScreen;
				INFOPLIST_KEY_UISupportedInterfaceOrientations_iPad = "UIInterfaceOrientationPortrait UIInterfaceOrientationPortraitUpsideDown UIInterfaceOrientationLandscapeLeft UIInterfaceOrientationLandscapeRight";
				INFOPLIST_KEY_UISupportedInterfaceOrientations_iPhone = "UIInterfaceOrientationPortrait UIInterfaceOrientationLandscapeLeft UIInterfaceOrientationLandscapeRight";
				LD_RUNPATH_SEARCH_PATHS = (
					"$(inherited)",
					"@executable_path/Frameworks",
				);
				MARKETING_VERSION = 1.0;
				PRODUCT_BUNDLE_IDENTIFIER = "mavlyuda.-homework4m";
				PRODUCT_NAME = "$(TARGET_NAME)";
				SWIFT_EMIT_LOC_STRINGS = YES;
				SWIFT_VERSION = 5.0;
				TARGETED_DEVICE_FAMILY = "1,2";
			};
			name = Debug;
		};
		9A2BFB0529EC25DA00E3DDAC /* Release */ = {
			isa = XCBuildConfiguration;
			baseConfigurationReference = 72CA1D84FE1B299CBDF8C00F /* Pods-2homework4m.release.xcconfig */;
			buildSettings = {
				ASSETCATALOG_COMPILER_APPICON_NAME = AppIcon;
				ASSETCATALOG_COMPILER_GLOBAL_ACCENT_COLOR_NAME = AccentColor;
				CODE_SIGN_STYLE = Automatic;
				CURRENT_PROJECT_VERSION = 1;
				DEVELOPMENT_TEAM = S24JM78SDV;
				GENERATE_INFOPLIST_FILE = YES;
				INFOPLIST_FILE = 2homework4m/Info.plist;
				INFOPLIST_KEY_UIApplicationSupportsIndirectInputEvents = YES;
				INFOPLIST_KEY_UILaunchStoryboardName = LaunchScreen;
				INFOPLIST_KEY_UISupportedInterfaceOrientations_iPad = "UIInterfaceOrientationPortrait UIInterfaceOrientationPortraitUpsideDown UIInterfaceOrientationLandscapeLeft UIInterfaceOrientationLandscapeRight";
				INFOPLIST_KEY_UISupportedInterfaceOrientations_iPhone = "UIInterfaceOrientationPortrait UIInterfaceOrientationLandscapeLeft UIInterfaceOrientationLandscapeRight";
				LD_RUNPATH_SEARCH_PATHS = (
					"$(inherited)",
					"@executable_path/Frameworks",
				);
				MARKETING_VERSION = 1.0;
				PRODUCT_BUNDLE_IDENTIFIER = "mavlyuda.-homework4m";
				PRODUCT_NAME = "$(TARGET_NAME)";
				SWIFT_EMIT_LOC_STRINGS = YES;
				SWIFT_VERSION = 5.0;
				TARGETED_DEVICE_FAMILY = "1,2";
			};
			name = Release;
		};
/* End XCBuildConfiguration section */

/* Begin XCConfigurationList section */
		9A2BFAEA29EC25D900E3DDAC /* Build configuration list for PBXProject "2homework4m" */ = {
			isa = XCConfigurationList;
			buildConfigurations = (
				9A2BFB0129EC25DA00E3DDAC /* Debug */,
				9A2BFB0229EC25DA00E3DDAC /* Release */,
			);
			defaultConfigurationIsVisible = 0;
			defaultConfigurationName = Release;
		};
		9A2BFB0329EC25DA00E3DDAC /* Build configuration list for PBXNativeTarget "2homework4m" */ = {
			isa = XCConfigurationList;
			buildConfigurations = (
				9A2BFB0429EC25DA00E3DDAC /* Debug */,
				9A2BFB0529EC25DA00E3DDAC /* Release */,
			);
			defaultConfigurationIsVisible = 0;
			defaultConfigurationName = Release;
		};
/* End XCConfigurationList section */
	};
	rootObject = 9A2BFAE729EC25D900E3DDAC /* Project object */;
}
